
Microsoft Visual Studio Solution File, Format Version 12.00
# Visual Studio 15
VisualStudioVersion = 15.0.27703.2035
MinimumVisualStudioVersion = 10.0.40219.1
Project("{FAE04EC0-301F-11D3-BF4B-00C04F79EFBC}") = "Existek_Lesson_1.2", "Existek_Lesson_1.2\Existek_Lesson_1.2.csproj", "{50087E0B-E3F5-4592-B563-C48BD891EBB4}"
EndProject
Project("{FAE04EC0-301F-11D3-BF4B-00C04F79EFBC}") = "Existek_Lesson_1_2.SimpleClasses", "Existek_Lesson_1_2.SimpleClasses\Existek_Lesson_1_2.SimpleClasses.csproj", "{61A7A03B-875D-4E6E-B2F4-B0ABA0CA7D88}"
	ProjectSection(ProjectDependencies) = postProject
		{0DF2C263-9DD6-441B-BC64-D16E4F7F1EF9} = {0DF2C263-9DD6-441B-BC64-D16E4F7F1EF9}
	EndProjectSection
EndProject
Project("{FAE04EC0-301F-11D3-BF4B-00C04F79EFBC}") = "Existek_Lesson_1.2.Inheritance", "Existek_Lesson_1.2.Inheritance\Existek_Lesson_1.2.Inheritance.csproj", "{88F96B94-9339-44D6-8D56-6DEE6DE55C12}"
	ProjectSection(ProjectDependencies) = postProject
		{0DF2C263-9DD6-441B-BC64-D16E4F7F1EF9} = {0DF2C263-9DD6-441B-BC64-D16E4F7F1EF9}
	EndProjectSection
EndProject
Project("{FAE04EC0-301F-11D3-BF4B-00C04F79EFBC}") = "Existek_Lesson_1_2.ExCommon", "Existek_Lesson_1_2.ExCommon\Existek_Lesson_1_2.ExCommon.csproj", "{0DF2C263-9DD6-441B-BC64-D16E4F7F1EF9}"
EndProject
Project("{FAE04EC0-301F-11D3-BF4B-00C04F79EFBC}") = "Existek_Lesson_1.2.Interfaces", "Existek_Lesson_1.2.Interfaces\Existek_Lesson_1.2.Interfaces.csproj", "{DE7F5C7E-2F06-4500-A01C-71DFA4899A33}"
EndProject
Project("{FAE04EC0-301F-11D3-BF4B-00C04F79EFBC}") = "Lessson6.Interfaces", "Lessson6.Interfaces\Lessson6.Interfaces.csproj", "{AE160292-7E6E-4C0C-87CF-6C1A7F735826}"
EndProject
Project("{FAE04EC0-301F-11D3-BF4B-00C04F79EFBC}") = "Lesson7.Events", "Lesson7.Events\Lesson7.Events.csproj", "{BC8E65B4-5C36-4FE1-8B0C-4273CD55F13C}"
EndProject
Project("{FAE04EC0-301F-11D3-BF4B-00C04F79EFBC}") = "Lesson8.Generics", "Lesson8.Generics\Lesson8.Generics.csproj", "{1ABBF95A-FFDA-4756-B601-D34C57E3F085}"
EndProject
Global
	GlobalSection(SolutionConfigurationPlatforms) = preSolution
		Debug|Any CPU = Debug|Any CPU
		Release|Any CPU = Release|Any CPU
	EndGlobalSection
	GlobalSection(ProjectConfigurationPlatforms) = postSolution
		{50087E0B-E3F5-4592-B563-C48BD891EBB4}.Debug|Any CPU.ActiveCfg = Debug|Any CPU
		{50087E0B-E3F5-4592-B563-C48BD891EBB4}.Debug|Any CPU.Build.0 = Debug|Any CPU
		{50087E0B-E3F5-4592-B563-C48BD891EBB4}.Release|Any CPU.ActiveCfg = Release|Any CPU
		{50087E0B-E3F5-4592-B563-C48BD891EBB4}.Release|Any CPU.Build.0 = Release|Any CPU
		{61A7A03B-875D-4E6E-B2F4-B0ABA0CA7D88}.Debug|Any CPU.ActiveCfg = Debug|Any CPU
		{61A7A03B-875D-4E6E-B2F4-B0ABA0CA7D88}.Debug|Any CPU.Build.0 = Debug|Any CPU
		{61A7A03B-875D-4E6E-B2F4-B0ABA0CA7D88}.Release|Any CPU.ActiveCfg = Release|Any CPU
		{61A7A03B-875D-4E6E-B2F4-B0ABA0CA7D88}.Release|Any CPU.Build.0 = Release|Any CPU
		{88F96B94-9339-44D6-8D56-6DEE6DE55C12}.Debug|Any CPU.ActiveCfg = Debug|Any CPU
		{88F96B94-9339-44D6-8D56-6DEE6DE55C12}.Debug|Any CPU.Build.0 = Debug|Any CPU
		{88F96B94-9339-44D6-8D56-6DEE6DE55C12}.Release|Any CPU.ActiveCfg = Release|Any CPU
		{88F96B94-9339-44D6-8D56-6DEE6DE55C12}.Release|Any CPU.Build.0 = Release|Any CPU
		{0DF2C263-9DD6-441B-BC64-D16E4F7F1EF9}.Debug|Any CPU.ActiveCfg = Debug|Any CPU
		{0DF2C263-9DD6-441B-BC64-D16E4F7F1EF9}.Debug|Any CPU.Build.0 = Debug|Any CPU
		{0DF2C263-9DD6-441B-BC64-D16E4F7F1EF9}.Release|Any CPU.ActiveCfg = Release|Any CPU
		{0DF2C263-9DD6-441B-BC64-D16E4F7F1EF9}.Release|Any CPU.Build.0 = Release|Any CPU
		{DE7F5C7E-2F06-4500-A01C-71DFA4899A33}.Debug|Any CPU.ActiveCfg = Debug|Any CPU
		{DE7F5C7E-2F06-4500-A01C-71DFA4899A33}.Debug|Any CPU.Build.0 = Debug|Any CPU
		{DE7F5C7E-2F06-4500-A01C-71DFA4899A33}.Release|Any CPU.ActiveCfg = Release|Any CPU
		{DE7F5C7E-2F06-4500-A01C-71DFA4899A33}.Release|Any CPU.Build.0 = Release|Any CPU
		{AE160292-7E6E-4C0C-87CF-6C1A7F735826}.Debug|Any CPU.ActiveCfg = Debug|Any CPU
		{AE160292-7E6E-4C0C-87CF-6C1A7F735826}.Debug|Any CPU.Build.0 = Debug|Any CPU
		{AE160292-7E6E-4C0C-87CF-6C1A7F735826}.Release|Any CPU.ActiveCfg = Release|Any CPU
		{AE160292-7E6E-4C0C-87CF-6C1A7F735826}.Release|Any CPU.Build.0 = Release|Any CPU
		{BC8E65B4-5C36-4FE1-8B0C-4273CD55F13C}.Debug|Any CPU.ActiveCfg = Debug|Any CPU
		{BC8E65B4-5C36-4FE1-8B0C-4273CD55F13C}.Debug|Any CPU.Build.0 = Debug|Any CPU
		{BC8E65B4-5C36-4FE1-8B0C-4273CD55F13C}.Release|Any CPU.ActiveCfg = Release|Any CPU
		{BC8E65B4-5C36-4FE1-8B0C-4273CD55F13C}.Release|Any CPU.Build.0 = Release|Any CPU
		{1ABBF95A-FFDA-4756-B601-D34C57E3F085}.Debug|Any CPU.ActiveCfg = Debug|Any CPU
		{1ABBF95A-FFDA-4756-B601-D34C57E3F085}.Debug|Any CPU.Build.0 = Debug|Any CPU
		{1ABBF95A-FFDA-4756-B601-D34C57E3F085}.Release|Any CPU.ActiveCfg = Release|Any CPU
		{1ABBF95A-FFDA-4756-B601-D34C57E3F085}.Release|Any CPU.Build.0 = Release|Any CPU
	EndGlobalSection
	GlobalSection(SolutionProperties) = preSolution
		HideSolutionNode = FALSE
	EndGlobalSection
	GlobalSection(ExtensibilityGlobals) = postSolution
		SolutionGuid = {018B27B2-82AE-42FE-AB39-01B3EA3A8E14}
	EndGlobalSection
EndGlobal
